
Microsoft Visual Studio Solution File, Format Version 12.00
# Visual Studio Version 17
VisualStudioVersion = 17.14.36811.4
MinimumVisualStudioVersion = 10.0.40219.1
Project("{FAE04EC0-301F-11D3-BF4B-00C04F79EFBC}") = "AkademiQMongoDb", "AkademiQMongoDb\AkademiQMongoDb.csproj", "{F25A4D6C-8D7D-48C5-AD44-0757C1EDEBD1}"
EndProject
Global
	GlobalSection(SolutionConfigurationPlatforms) = preSolution
		Debug|Any CPU = Debug|Any CPU
		Release|Any CPU = Release|Any CPU
	EndGlobalSection
	GlobalSection(ProjectConfigurationPlatforms) = postSolution
		{F25A4D6C-8D7D-48C5-AD44-0757C1EDEBD1}.Debug|Any CPU.ActiveCfg = Debug|Any CPU
		{F25A4D6C-8D7D-48C5-AD44-0757C1EDEBD1}.Debug|Any CPU.Build.0 = Debug|Any CPU
		{F25A4D6C-8D7D-48C5-AD44-0757C1EDEBD1}.Release|Any CPU.ActiveCfg = Release|Any CPU
		{F25A4D6C-8D7D-48C5-AD44-0757C1EDEBD1}.Release|Any CPU.Build.0 = Release|Any CPU
	EndGlobalSection
	GlobalSection(SolutionProperties) = preSolution
		HideSolutionNode = FALSE
	EndGlobalSection
	GlobalSection(ExtensibilityGlobals) = postSolution
		SolutionGuid = {A005B160-C5D1-4305-A25A-4BD336274ECB}
	EndGlobalSection
EndGlobal
